
Microsoft Visual Studio Solution File, Format Version 12.00
# Visual Studio Version 16
VisualStudioVersion = 16.0.31702.278
MinimumVisualStudioVersion = 10.0.40219.1
Project("{9A19103F-16F7-4668-BE54-9A1E7A4F7556}") = "Tema_1", "Tema_1\Tema_1.csproj", "{FA874B37-8E1D-47CC-959B-959546CB6170}"
EndProject
Project("{FAE04EC0-301F-11D3-BF4B-00C04F79EFBC}") = "Example.Domain", "Example.Domain\Example.Domain.csproj", "{12D8C770-7D85-4C4B-99CF-59A0AF061A8F}"
EndProject
Global
	GlobalSection(SolutionConfigurationPlatforms) = preSolution
		Debug|Any CPU = Debug|Any CPU
		Release|Any CPU = Release|Any CPU
	EndGlobalSection
	GlobalSection(ProjectConfigurationPlatforms) = postSolution
		{FA874B37-8E1D-47CC-959B-959546CB6170}.Debug|Any CPU.ActiveCfg = Debug|Any CPU
		{FA874B37-8E1D-47CC-959B-959546CB6170}.Debug|Any CPU.Build.0 = Debug|Any CPU
		{FA874B37-8E1D-47CC-959B-959546CB6170}.Release|Any CPU.ActiveCfg = Release|Any CPU
		{FA874B37-8E1D-47CC-959B-959546CB6170}.Release|Any CPU.Build.0 = Release|Any CPU
		{12D8C770-7D85-4C4B-99CF-59A0AF061A8F}.Debug|Any CPU.ActiveCfg = Debug|Any CPU
		{12D8C770-7D85-4C4B-99CF-59A0AF061A8F}.Debug|Any CPU.Build.0 = Debug|Any CPU
		{12D8C770-7D85-4C4B-99CF-59A0AF061A8F}.Release|Any CPU.ActiveCfg = Release|Any CPU
		{12D8C770-7D85-4C4B-99CF-59A0AF061A8F}.Release|Any CPU.Build.0 = Release|Any CPU
	EndGlobalSection
	GlobalSection(SolutionProperties) = preSolution
		HideSolutionNode = FALSE
	EndGlobalSection
	GlobalSection(ExtensibilityGlobals) = postSolution
		SolutionGuid = {F4476E43-839A-4297-AAED-FA6851C40DC4}
	EndGlobalSection
EndGlobal
